
Microsoft Visual Studio Solution File, Format Version 12.00
# Visual Studio Version 17
VisualStudioVersion = 17.9.34902.65
MinimumVisualStudioVersion = 10.0.40219.1
Project("{9A19103F-16F7-4668-BE54-9A1E7A4F7556}") = "TomFromAlfred.QuizWebMVC.MyLearning", "TomFromAlfred.QuizWebMVC.MyLearning\TomFromAlfred.QuizWebMVC.MyLearning.csproj", "{B6095324-DFFB-482B-8B62-30E12769920B}"
EndProject
Project("{2150E333-8FDC-42A3-9474-1A3956D46DE8}") = "Application", "Application", "{D20E10CA-3F11-404F-907F-98CCA8408123}"
EndProject
Project("{2150E333-8FDC-42A3-9474-1A3956D46DE8}") = "Domain", "Domain", "{FC0151B1-7BDD-4D01-9ABE-65D36079F2E6}"
EndProject
Project("{2150E333-8FDC-42A3-9474-1A3956D46DE8}") = "Infrastructure", "Infrastructure", "{A2A7F583-F9A9-41D6-BCF9-29FD4E655F71}"
EndProject
Project("{2150E333-8FDC-42A3-9474-1A3956D46DE8}") = "Test", "Test", "{87ABBD8E-809B-4096-9182-ED5EC5C4D633}"
EndProject
Project("{2150E333-8FDC-42A3-9474-1A3956D46DE8}") = "UI", "UI", "{D063BE6A-AB0F-464A-B13D-1E7D6BA60949}"
EndProject
Project("{FAE04EC0-301F-11D3-BF4B-00C04F79EFBC}") = "QuizMVC.Application", "QuizMVC.Application\QuizMVC.Application.csproj", "{899338B6-0010-4F5C-9402-B2C04341BC53}"
EndProject
Project("{FAE04EC0-301F-11D3-BF4B-00C04F79EFBC}") = "QuizMVC.Domain", "QuizMVC.Domain\QuizMVC.Domain.csproj", "{0740A802-D03D-42DC-AE8E-D02D6844618B}"
EndProject
Project("{FAE04EC0-301F-11D3-BF4B-00C04F79EFBC}") = "QuizMVC.Infrastructure", "QuizMVC.Infrastructure\QuizMVC.Infrastructure.csproj", "{193FAAA5-3240-4797-8B72-0F99D93E4B5F}"
EndProject
Project("{FAE04EC0-301F-11D3-BF4B-00C04F79EFBC}") = "QuizMVC.Test", "QuizMVC.Test\QuizMVC.Test.csproj", "{26C37F0D-6C20-4C30-A3E9-C6C64612ED49}"
EndProject
Project("{2150E333-8FDC-42A3-9474-1A3956D46DE8}") = "Services", "Services", "{02EA681E-C7D8-13C7-8484-4AC65E1B71E8}"
EndProject
Project("{2150E333-8FDC-42A3-9474-1A3956D46DE8}") = "InterfacesApp", "InterfacesApp", "{2E5609D4-9478-4C55-ABF0-8D59BA5E2D88}"
EndProject
Project("{2150E333-8FDC-42A3-9474-1A3956D46DE8}") = "InterfaceDomain", "InterfaceDomain", "{FCF66E20-C2E5-4E2B-99DE-FB74E8DC2B68}"
EndProject
Project("{2150E333-8FDC-42A3-9474-1A3956D46DE8}") = "Model", "Model", "{C03272D6-41C8-42E7-BFD7-C508DC262933}"
EndProject
Project("{2150E333-8FDC-42A3-9474-1A3956D46DE8}") = "Repositories", "Repositories", "{3290943D-44B7-4D75-912A-9E018552C444}"
EndProject
Project("{2150E333-8FDC-42A3-9474-1A3956D46DE8}") = "Solution Items", "Solution Items", "{8EC462FD-D22E-90A8-E5CE-7E832BA40C5D}"
	ProjectSection(SolutionItems) = preProject
		Directory.Build.xml = Directory.Build.xml
		global.json = global.json
		Set-DotNetTarget.ps1 = Set-DotNetTarget.ps1
	EndProjectSection
EndProject
Global
	GlobalSection(SolutionConfigurationPlatforms) = preSolution
		Debug|Any CPU = Debug|Any CPU
		Release|Any CPU = Release|Any CPU
	EndGlobalSection
	GlobalSection(ProjectConfigurationPlatforms) = postSolution
		{B6095324-DFFB-482B-8B62-30E12769920B}.Debug|Any CPU.ActiveCfg = Debug|Any CPU
		{B6095324-DFFB-482B-8B62-30E12769920B}.Debug|Any CPU.Build.0 = Debug|Any CPU
		{B6095324-DFFB-482B-8B62-30E12769920B}.Release|Any CPU.ActiveCfg = Release|Any CPU
		{B6095324-DFFB-482B-8B62-30E12769920B}.Release|Any CPU.Build.0 = Release|Any CPU
		{899338B6-0010-4F5C-9402-B2C04341BC53}.Debug|Any CPU.ActiveCfg = Debug|Any CPU
		{899338B6-0010-4F5C-9402-B2C04341BC53}.Debug|Any CPU.Build.0 = Debug|Any CPU
		{899338B6-0010-4F5C-9402-B2C04341BC53}.Release|Any CPU.ActiveCfg = Release|Any CPU
		{899338B6-0010-4F5C-9402-B2C04341BC53}.Release|Any CPU.Build.0 = Release|Any CPU
		{0740A802-D03D-42DC-AE8E-D02D6844618B}.Debug|Any CPU.ActiveCfg = Debug|Any CPU
		{0740A802-D03D-42DC-AE8E-D02D6844618B}.Debug|Any CPU.Build.0 = Debug|Any CPU
		{0740A802-D03D-42DC-AE8E-D02D6844618B}.Release|Any CPU.ActiveCfg = Release|Any CPU
		{0740A802-D03D-42DC-AE8E-D02D6844618B}.Release|Any CPU.Build.0 = Release|Any CPU
		{193FAAA5-3240-4797-8B72-0F99D93E4B5F}.Debug|Any CPU.ActiveCfg = Debug|Any CPU
		{193FAAA5-3240-4797-8B72-0F99D93E4B5F}.Debug|Any CPU.Build.0 = Debug|Any CPU
		{193FAAA5-3240-4797-8B72-0F99D93E4B5F}.Release|Any CPU.ActiveCfg = Release|Any CPU
		{193FAAA5-3240-4797-8B72-0F99D93E4B5F}.Release|Any CPU.Build.0 = Release|Any CPU
		{26C37F0D-6C20-4C30-A3E9-C6C64612ED49}.Debug|Any CPU.ActiveCfg = Debug|Any CPU
		{26C37F0D-6C20-4C30-A3E9-C6C64612ED49}.Debug|Any CPU.Build.0 = Debug|Any CPU
		{26C37F0D-6C20-4C30-A3E9-C6C64612ED49}.Release|Any CPU.ActiveCfg = Release|Any CPU
		{26C37F0D-6C20-4C30-A3E9-C6C64612ED49}.Release|Any CPU.Build.0 = Release|Any CPU
	EndGlobalSection
	GlobalSection(SolutionProperties) = preSolution
		HideSolutionNode = FALSE
	EndGlobalSection
	GlobalSection(NestedProjects) = preSolution
		{B6095324-DFFB-482B-8B62-30E12769920B} = {D063BE6A-AB0F-464A-B13D-1E7D6BA60949}
		{899338B6-0010-4F5C-9402-B2C04341BC53} = {D20E10CA-3F11-404F-907F-98CCA8408123}
		{0740A802-D03D-42DC-AE8E-D02D6844618B} = {FC0151B1-7BDD-4D01-9ABE-65D36079F2E6}
		{193FAAA5-3240-4797-8B72-0F99D93E4B5F} = {A2A7F583-F9A9-41D6-BCF9-29FD4E655F71}
		{26C37F0D-6C20-4C30-A3E9-C6C64612ED49} = {87ABBD8E-809B-4096-9182-ED5EC5C4D633}
		{02EA681E-C7D8-13C7-8484-4AC65E1B71E8} = {D20E10CA-3F11-404F-907F-98CCA8408123}
		{2E5609D4-9478-4C55-ABF0-8D59BA5E2D88} = {D20E10CA-3F11-404F-907F-98CCA8408123}
		{FCF66E20-C2E5-4E2B-99DE-FB74E8DC2B68} = {FC0151B1-7BDD-4D01-9ABE-65D36079F2E6}
		{C03272D6-41C8-42E7-BFD7-C508DC262933} = {FC0151B1-7BDD-4D01-9ABE-65D36079F2E6}
		{3290943D-44B7-4D75-912A-9E018552C444} = {A2A7F583-F9A9-41D6-BCF9-29FD4E655F71}
	EndGlobalSection
	GlobalSection(ExtensibilityGlobals) = postSolution
		SolutionGuid = {529D69D1-F338-4622-A825-C826CB21A1B1}
	EndGlobalSection
EndGlobal
